
Microsoft Visual Studio Solution File, Format Version 12.00
# Visual Studio Version 16
VisualStudioVersion = 16.0.29613.14
MinimumVisualStudioVersion = 10.0.40219.1
Project("{FAE04EC0-301F-11D3-BF4B-00C04F79EFBC}") = "AzureFunctionV2Example", "AzureFunctionV2Example.csproj", "{4CD143EC-3A74-44DA-9C4E-965D0C409819}"
EndProject
Global
	GlobalSection(SolutionConfigurationPlatforms) = preSolution
		Debug|Any CPU = Debug|Any CPU
		Release|Any CPU = Release|Any CPU
	EndGlobalSection
	GlobalSection(ProjectConfigurationPlatforms) = postSolution
		{4CD143EC-3A74-44DA-9C4E-965D0C409819}.Debug|Any CPU.ActiveCfg = Debug|Any CPU
		{4CD143EC-3A74-44DA-9C4E-965D0C409819}.Debug|Any CPU.Build.0 = Debug|Any CPU
		{4CD143EC-3A74-44DA-9C4E-965D0C409819}.Release|Any CPU.ActiveCfg = Release|Any CPU
		{4CD143EC-3A74-44DA-9C4E-965D0C409819}.Release|Any CPU.Build.0 = Release|Any CPU
	EndGlobalSection
	GlobalSection(SolutionProperties) = preSolution
		HideSolutionNode = FALSE
	EndGlobalSection
	GlobalSection(ExtensibilityGlobals) = postSolution
		SolutionGuid = {C28F9D66-82B6-4964-A780-BCB4723D4149}
	EndGlobalSection
EndGlobal
